{
  "name": "web",
  "lockfileVersion": 3,
  "requires": true,
  "packages": {
    "": {
      "dependencies": {
        "@types/web": "^0.0.163",
        "typescript": "^5.6.2"
      }
    },
    "node_modules/@types/web": {
      "version": "0.0.163",
      "resolved": "https://registry.npmjs.org/@types/web/-/web-0.0.163.tgz",
      "integrity": "sha512-5Pg2gKfulo186wFnv+YXx0luJGWQ94cCY2/Dy8lU5WAE50FdBoOK45uBbp8FceOSpLJ4UW3dmTW5tvsN9uuX7A==",
      "license": "Apache-2.0"
    },
    "node_modules/typescript": {
      "version": "5.6.2",
      "resolved": "https://registry.npmjs.org/typescript/-/typescript-5.6.2.tgz",
      "integrity": "sha512-NW8ByodCSNCwZeghjN3o+JX5OFH0Ojg6sadjEKY4huZ52TqbJTJnDo5+Tw98lSy63NZvi4n+ez5m2u5d4PkZyw==",
      "license": "Apache-2.0",
      "bin": {
        "tsc": "bin/tsc",
        "tsserver": "bin/tsserver"
      },
      "engines": {
        "node": ">=14.17"
      }
    }
  }
}
